// !$*UTF8*$!
{
	archiveVersion = 1;
	classes = {
	};
	objectVersion = 50;
	objects = {

/* Begin PBXBuildFile section */
		756CE4062567625F00BCCB2A /* AppDelegate.swift in Sources */ = {isa = PBXBuildFile; fileRef = 756CE4052567625F00BCCB2A /* AppDelegate.swift */; };
		756CE4082567625F00BCCB2A /* SceneDelegate.swift in Sources */ = {isa = PBXBuildFile; fileRef = 756CE4072567625F00BCCB2A /* SceneDelegate.swift */; };
		756CE40A2567625F00BCCB2A /* ViewController.swift in Sources */ = {isa = PBXBuildFile; fileRef = 756CE4092567625F00BCCB2A /* ViewController.swift */; };
		756CE40D2567625F00BCCB2A /* Main.storyboard in Resources */ = {isa = PBXBuildFile; fileRef = 756CE40B2567625F00BCCB2A /* Main.storyboard */; };
		756CE40F2567626000BCCB2A /* Assets.xcassets in Resources */ = {isa = PBXBuildFile; fileRef = 756CE40E2567626000BCCB2A /* Assets.xcassets */; };
		756CE4122567626000BCCB2A /* LaunchScreen.storyboard in Resources */ = {isa = PBXBuildFile; fileRef = 756CE4102567626000BCCB2A /* LaunchScreen.storyboard */; };
		756CE42125676AE100BCCB2A /* LocalizationUtil.swift in Sources */ = {isa = PBXBuildFile; fileRef = 756CE42025676AE100BCCB2A /* LocalizationUtil.swift */; };
		756CE42425676BB500BCCB2A /* Localizable.strings in Resources */ = {isa = PBXBuildFile; fileRef = 756CE42625676BB500BCCB2A /* Localizable.strings */; };
/* End PBXBuildFile section */

/* Begin PBXFileReference section */
		756CE4022567625F00BCCB2A /* TakePicLocalized.app */ = {isa = PBXFileReference; explicitFileType = wrapper.application; includeInIndex = 0; path = TakePicLocalized.app; sourceTree = BUILT_PRODUCTS_DIR; };
		756CE4052567625F00BCCB2A /* AppDelegate.swift */ = {isa = PBXFileReference; lastKnownFileType = sourcecode.swift; path = AppDelegate.swift; sourceTree = "<group>"; };
		756CE4072567625F00BCCB2A /* SceneDelegate.swift */ = {isa = PBXFileReference; lastKnownFileType = sourcecode.swift; path = SceneDelegate.swift; sourceTree = "<group>"; };
		756CE4092567625F00BCCB2A /* ViewController.swift */ = {isa = PBXFileReference; lastKnownFileType = sourcecode.swift; path = ViewController.swift; sourceTree = "<group>"; };
		756CE40C2567625F00BCCB2A /* Base */ = {isa = PBXFileReference; lastKnownFileType = file.storyboard; name = Base; path = Base.lproj/Main.storyboard; sourceTree = "<group>"; };
		756CE40E2567626000BCCB2A /* Assets.xcassets */ = {isa = PBXFileReference; lastKnownFileType = folder.assetcatalog; path = Assets.xcassets; sourceTree = "<group>"; };
		756CE4112567626000BCCB2A /* Base */ = {isa = PBXFileReference; lastKnownFileType = file.storyboard; name = Base; path = Base.lproj/LaunchScreen.storyboard; sourceTree = "<group>"; };
		756CE4132567626000BCCB2A /* Info.plist */ = {isa = PBXFileReference; lastKnownFileType = text.plist.xml; path = Info.plist; sourceTree = "<group>"; };
		756CE42025676AE100BCCB2A /* LocalizationUtil.swift */ = {isa = PBXFileReference; lastKnownFileType = sourcecode.swift; path = LocalizationUtil.swift; sourceTree = "<group>"; };
		756CE42525676BB500BCCB2A /* en */ = {isa = PBXFileReference; lastKnownFileType = text.plist.strings; name = en; path = en.lproj/Localizable.strings; sourceTree = "<group>"; };
		756CE42825676BD400BCCB2A /* es */ = {isa = PBXFileReference; lastKnownFileType = text.plist.strings; name = es; path = es.lproj/Main.strings; sourceTree = "<group>"; };
		756CE42925676BD400BCCB2A /* es */ = {isa = PBXFileReference; lastKnownFileType = text.plist.strings; name = es; path = es.lproj/LaunchScreen.strings; sourceTree = "<group>"; };
		756CE42A25676BD400BCCB2A /* es */ = {isa = PBXFileReference; lastKnownFileType = text.plist.strings; name = es; path = es.lproj/Localizable.strings; sourceTree = "<group>"; };
		756CE42D25676DE000BCCB2A /* hi */ = {isa = PBXFileReference; lastKnownFileType = text.plist.strings; name = hi; path = hi.lproj/Main.strings; sourceTree = "<group>"; };
		756CE42E25676DE000BCCB2A /* hi */ = {isa = PBXFileReference; lastKnownFileType = text.plist.strings; name = hi; path = hi.lproj/LaunchScreen.strings; sourceTree = "<group>"; };
		756CE42F25676DE000BCCB2A /* hi */ = {isa = PBXFileReference; lastKnownFileType = text.plist.strings; name = hi; path = hi.lproj/Localizable.strings; sourceTree = "<group>"; };
/* End PBXFileReference section */

/* Begin PBXFrameworksBuildPhase section */
		756CE3FF2567625F00BCCB2A /* Frameworks */ = {
			isa = PBXFrameworksBuildPhase;
			buildActionMask = 2147483647;
			files = (
			);
			runOnlyForDeploymentPostprocessing = 0;
		};
/* End PBXFrameworksBuildPhase section */

/* Begin PBXGroup section */
		756CE3F92567625E00BCCB2A = {
			isa = PBXGroup;
			children = (
				756CE4042567625F00BCCB2A /* TakePicLocalized */,
				756CE4032567625F00BCCB2A /* Products */,
			);
			sourceTree = "<group>";
		};
		756CE4032567625F00BCCB2A /* Products */ = {
			isa = PBXGroup;
			children = (
				756CE4022567625F00BCCB2A /* TakePicLocalized.app */,
			);
			name = Products;
			sourceTree = "<group>";
		};
		756CE4042567625F00BCCB2A /* TakePicLocalized */ = {
			isa = PBXGroup;
			children = (
				756CE41F25676AC400BCCB2A /* Utilities */,
				756CE41B25676A4D00BCCB2A /* Localizable */,
				756CE4052567625F00BCCB2A /* AppDelegate.swift */,
				756CE4072567625F00BCCB2A /* SceneDelegate.swift */,
				756CE4092567625F00BCCB2A /* ViewController.swift */,
				756CE40B2567625F00BCCB2A /* Main.storyboard */,
				756CE40E2567626000BCCB2A /* Assets.xcassets */,
				756CE4102567626000BCCB2A /* LaunchScreen.storyboard */,
				756CE4132567626000BCCB2A /* Info.plist */,
			);
			path = TakePicLocalized;
			sourceTree = "<group>";
		};
		756CE41B25676A4D00BCCB2A /* Localizable */ = {
			isa = PBXGroup;
			children = (
				756CE42625676BB500BCCB2A /* Localizable.strings */,
			);
			path = Localizable;
			sourceTree = "<group>";
		};
		756CE41F25676AC400BCCB2A /* Utilities */ = {
			isa = PBXGroup;
			children = (
				756CE42025676AE100BCCB2A /* LocalizationUtil.swift */,
			);
			path = Utilities;
			sourceTree = "<group>";
		};
/* End PBXGroup section */

/* Begin PBXNativeTarget section */
		756CE4012567625F00BCCB2A /* TakePicLocalized */ = {
			isa = PBXNativeTarget;
			buildConfigurationList = 756CE4162567626000BCCB2A /* Build configuration list for PBXNativeTarget "TakePicLocalized" */;
			buildPhases = (
				756CE3FE2567625F00BCCB2A /* Sources */,
				756CE3FF2567625F00BCCB2A /* Frameworks */,
				756CE4002567625F00BCCB2A /* Resources */,
			);
			buildRules = (
			);
			dependencies = (
			);
			name = TakePicLocalized;
			productName = TakePicLocalized;
			productReference = 756CE4022567625F00BCCB2A /* TakePicLocalized.app */;
			productType = "com.apple.product-type.application";
		};
/* End PBXNativeTarget section */

/* Begin PBXProject section */
		756CE3FA2567625E00BCCB2A /* Project object */ = {
			isa = PBXProject;
			attributes = {
				LastSwiftUpdateCheck = 1200;
				LastUpgradeCheck = 1200;
				TargetAttributes = {
					756CE4012567625F00BCCB2A = {
						CreatedOnToolsVersion = 12.0.1;
					};
				};
			};
			buildConfigurationList = 756CE3FD2567625E00BCCB2A /* Build configuration list for PBXProject "TakePicLocalized" */;
			compatibilityVersion = "Xcode 9.3";
			developmentRegion = en;
			hasScannedForEncodings = 0;
			knownRegions = (
				en,
				Base,
				es,
				hi,
			);
			mainGroup = 756CE3F92567625E00BCCB2A;
			productRefGroup = 756CE4032567625F00BCCB2A /* Products */;
			projectDirPath = "";
			projectRoot = "";
			targets = (
				756CE4012567625F00BCCB2A /* TakePicLocalized */,
			);
		};
/* End PBXProject section */

/* Begin PBXResourcesBuildPhase section */
		756CE4002567625F00BCCB2A /* Resources */ = {
			isa = PBXResourcesBuildPhase;
			buildActionMask = 2147483647;
			files = (
				756CE4122567626000BCCB2A /* LaunchScreen.storyboard in Resources */,
				756CE42425676BB500BCCB2A /* Localizable.strings in Resources */,
				756CE40F2567626000BCCB2A /* Assets.xcassets in Resources */,
				756CE40D2567625F00BCCB2A /* Main.storyboard in Resources */,
			);
			runOnlyForDeploymentPostprocessing = 0;
		};
/* End PBXResourcesBuildPhase section */

/* Begin PBXSourcesBuildPhase section */
		756CE3FE2567625F00BCCB2A /* Sources */ = {
			isa = PBXSourcesBuildPhase;
			buildActionMask = 2147483647;
			files = (
				756CE42125676AE100BCCB2A /* LocalizationUtil.swift in Sources */,
				756CE40A2567625F00BCCB2A /* ViewController.swift in Sources */,
				756CE4062567625F00BCCB2A /* AppDelegate.swift in Sources */,
				756CE4082567625F00BCCB2A /* SceneDelegate.swift in Sources */,
			);
			runOnlyForDeploymentPostprocessing = 0;
		};
/* End PBXSourcesBuildPhase section */

/* Begin PBXVariantGroup section */
		756CE40B2567625F00BCCB2A /* Main.storyboard */ = {
			isa = PBXVariantGroup;
			children = (
				756CE40C2567625F00BCCB2A /* Base */,
				756CE42825676BD400BCCB2A /* es */,
				756CE42D25676DE000BCCB2A /* hi */,
			);
			name = Main.storyboard;
			sourceTree = "<group>";
		};
		756CE4102567626000BCCB2A /* LaunchScreen.storyboard */ = {
			isa = PBXVariantGroup;
			children = (
				756CE4112567626000BCCB2A /* Base */,
				756CE42925676BD400BCCB2A /* es */,
				756CE42E25676DE000BCCB2A /* hi */,
			);
			name = LaunchScreen.storyboard;
			sourceTree = "<group>";
		};
		756CE42625676BB500BCCB2A /* Localizable.strings */ = {
			isa = PBXVariantGroup;
			children = (
				756CE42525676BB500BCCB2A /* en */,
				756CE42A25676BD400BCCB2A /* es */,
				756CE42F25676DE000BCCB2A /* hi */,
			);
			name = Localizable.strings;
			sourceTree = "<group>";
		};
/* End PBXVariantGroup section */

/* Begin XCBuildConfiguration section */
		756CE4142567626000BCCB2A /* Debug */ = {
			isa = XCBuildConfiguration;
			buildSettings = {
				ALWAYS_SEARCH_USER_PATHS = NO;
				CLANG_ANALYZER_LOCALIZABILITY_NONLOCALIZED = YES;
				CLANG_ANALYZER_NONNULL = YES;
				CLANG_ANALYZER_NUMBER_OBJECT_CONVERSION = YES_AGGRESSIVE;
				CLANG_CXX_LANGUAGE_STANDARD = "gnu++14";
				CLANG_CXX_LIBRARY = "libc++";
				CLANG_ENABLE_MODULES = YES;
				CLANG_ENABLE_OBJC_ARC = YES;
				CLANG_ENABLE_OBJC_WEAK = YES;
				CLANG_WARN_BLOCK_CAPTURE_AUTORELEASING = YES;
				CLANG_WARN_BOOL_CONVERSION = YES;
				CLANG_WARN_COMMA = YES;
				CLANG_WARN_CONSTANT_CONVERSION = YES;
				CLANG_WARN_DEPRECATED_OBJC_IMPLEMENTATIONS = YES;
				CLANG_WARN_DIRECT_OBJC_ISA_USAGE = YES_ERROR;
				CLANG_WARN_DOCUMENTATION_COMMENTS = YES;
				CLANG_WARN_EMPTY_BODY = YES;
				CLANG_WARN_ENUM_CONVERSION = YES;
				CLANG_WARN_INFINITE_RECURSION = YES;
				CLANG_WARN_INT_CONVERSION = YES;
				CLANG_WARN_NON_LITERAL_NULL_CONVERSION = YES;
				CLANG_WARN_OBJC_IMPLICIT_RETAIN_SELF = YES;
				CLANG_WARN_OBJC_LITERAL_CONVERSION = YES;
				CLANG_WARN_OBJC_ROOT_CLASS = YES_ERROR;
				CLANG_WARN_QUOTED_INCLUDE_IN_FRAMEWORK_HEADER = YES;
				CLANG_WARN_RANGE_LOOP_ANALYSIS = YES;
				CLANG_WARN_STRICT_PROTOTYPES = YES;
				CLANG_WARN_SUSPICIOUS_MOVE = YES;
				CLANG_WARN_UNGUARDED_AVAILABILITY = YES_AGGRESSIVE;
				CLANG_WARN_UNREACHABLE_CODE = YES;
				CLANG_WARN__DUPLICATE_METHOD_MATCH = YES;
				COPY_PHASE_STRIP = NO;
				DEBUG_INFORMATION_FORMAT = dwarf;
				ENABLE_STRICT_OBJC_MSGSEND = YES;
				ENABLE_TESTABILITY = YES;
				GCC_C_LANGUAGE_STANDARD = gnu11;
				GCC_DYNAMIC_NO_PIC = NO;
				GCC_NO_COMMON_BLOCKS = YES;
				GCC_OPTIMIZATION_LEVEL = 0;
				GCC_PREPROCESSOR_DEFINITIONS = (
					"DEBUG=1",
					"$(inherited)",
				);
				GCC_WARN_64_TO_32_BIT_CONVERSION = YES;
				GCC_WARN_ABOUT_RETURN_TYPE = YES_ERROR;
				GCC_WARN_UNDECLARED_SELECTOR = YES;
				GCC_WARN_UNINITIALIZED_AUTOS = YES_AGGRESSIVE;
				GCC_WARN_UNUSED_FUNCTION = YES;
				GCC_WARN_UNUSED_VARIABLE = YES;
				IPHONEOS_DEPLOYMENT_TARGET = 14.0;
				MTL_ENABLE_DEBUG_INFO = INCLUDE_SOURCE;
				MTL_FAST_MATH = YES;
				ONLY_ACTIVE_ARCH = YES;
				SDKROOT = iphoneos;
				SWIFT_ACTIVE_COMPILATION_CONDITIONS = DEBUG;
				SWIFT_OPTIMIZATION_LEVEL = "-Onone";
			};
			name = Debug;
		};
		756CE4152567626000BCCB2A /* Release */ = {
			isa = XCBuildConfiguration;
			buildSettings = {
				ALWAYS_SEARCH_USER_PATHS = NO;
				CLANG_ANALYZER_LOCALIZABILITY_NONLOCALIZED = YES;
				CLANG_ANALYZER_NONNULL = YES;
				CLANG_ANALYZER_NUMBER_OBJECT_CONVERSION = YES_AGGRESSIVE;
				CLANG_CXX_LANGUAGE_STANDARD = "gnu++14";
				CLANG_CXX_LIBRARY = "libc++";
				CLANG_ENABLE_MODULES = YES;
				CLANG_ENABLE_OBJC_ARC = YES;
				CLANG_ENABLE_OBJC_WEAK = YES;
				CLANG_WARN_BLOCK_CAPTURE_AUTORELEASING = YES;
				CLANG_WARN_BOOL_CONVERSION = YES;
				CLANG_WARN_COMMA = YES;
				CLANG_WARN_CONSTANT_CONVERSION = YES;
				CLANG_WARN_DEPRECATED_OBJC_IMPLEMENTATIONS = YES;
				CLANG_WARN_DIRECT_OBJC_ISA_USAGE = YES_ERROR;
				CLANG_WARN_DOCUMENTATION_COMMENTS = YES;
				CLANG_WARN_EMPTY_BODY = YES;
				CLANG_WARN_ENUM_CONVERSION = YES;
				CLANG_WARN_INFINITE_RECURSION = YES;
				CLANG_WARN_INT_CONVERSION = YES;
				CLANG_WARN_NON_LITERAL_NULL_CONVERSION = YES;
				CLANG_WARN_OBJC_IMPLICIT_RETAIN_SELF = YES;
				CLANG_WARN_OBJC_LITERAL_CONVERSION = YES;
				CLANG_WARN_OBJC_ROOT_CLASS = YES_ERROR;
				CLANG_WARN_QUOTED_INCLUDE_IN_FRAMEWORK_HEADER = YES;
				CLANG_WARN_RANGE_LOOP_ANALYSIS = YES;
				CLANG_WARN_STRICT_PROTOTYPES = YES;
				CLANG_WARN_SUSPICIOUS_MOVE = YES;
				CLANG_WARN_UNGUARDED_AVAILABILITY = YES_AGGRESSIVE;
				CLANG_WARN_UNREACHABLE_CODE = YES;
				CLANG_WARN__DUPLICATE_METHOD_MATCH = YES;
				COPY_PHASE_STRIP = NO;
				DEBUG_INFORMATION_FORMAT = "dwarf-with-dsym";
				ENABLE_NS_ASSERTIONS = NO;
				ENABLE_STRICT_OBJC_MSGSEND = YES;
				GCC_C_LANGUAGE_STANDARD = gnu11;
				GCC_NO_COMMON_BLOCKS = YES;
				GCC_WARN_64_TO_32_BIT_CONVERSION = YES;
				GCC_WARN_ABOUT_RETURN_TYPE = YES_ERROR;
				GCC_WARN_UNDECLARED_SELECTOR = YES;
				GCC_WARN_UNINITIALIZED_AUTOS = YES_AGGRESSIVE;
				GCC_WARN_UNUSED_FUNCTION = YES;
				GCC_WARN_UNUSED_VARIABLE = YES;
				IPHONEOS_DEPLOYMENT_TARGET = 14.0;
				MTL_ENABLE_DEBUG_INFO = NO;
				MTL_FAST_MATH = YES;
				SDKROOT = iphoneos;
				SWIFT_COMPILATION_MODE = wholemodule;
				SWIFT_OPTIMIZATION_LEVEL = "-O";
				VALIDATE_PRODUCT = YES;
			};
			name = Release;
		};
		756CE4172567626000BCCB2A /* Debug */ = {
			isa = XCBuildConfiguration;
			buildSettings = {
				ASSETCATALOG_COMPILER_APPICON_NAME = AppIcon;
				ASSETCATALOG_COMPILER_GLOBAL_ACCENT_COLOR_NAME = AccentColor;
				CODE_SIGN_STYLE = Automatic;
				DEVELOPMENT_TEAM = DJQS9YSS64;
				INFOPLIST_FILE = TakePicLocalized/Info.plist;
				LD_RUNPATH_SEARCH_PATHS = (
					"$(inherited)",
					"@executable_path/Frameworks",
				);
				PRODUCT_BUNDLE_IDENTIFIER = edu.northeastern.ashish.TakePicLocalized;
				PRODUCT_NAME = "$(TARGET_NAME)";
				SWIFT_VERSION = 5.0;
				TARGETED_DEVICE_FAMILY = "1,2";
			};
			name = Debug;
		};
		756CE4182567626000BCCB2A /* Release */ = {
			isa = XCBuildConfiguration;
			buildSettings = {
				ASSETCATALOG_COMPILER_APPICON_NAME = AppIcon;
				ASSETCATALOG_COMPILER_GLOBAL_ACCENT_COLOR_NAME = AccentColor;
				CODE_SIGN_STYLE = Automatic;
				DEVELOPMENT_TEAM = DJQS9YSS64;
				INFOPLIST_FILE = TakePicLocalized/Info.plist;
				LD_RUNPATH_SEARCH_PATHS = (
					"$(inherited)",
					"@executable_path/Frameworks",
				);
				PRODUCT_BUNDLE_IDENTIFIER = edu.northeastern.ashish.TakePicLocalized;
				PRODUCT_NAME = "$(TARGET_NAME)";
				SWIFT_VERSION = 5.0;
				TARGETED_DEVICE_FAMILY = "1,2";
			};
			name = Release;
		};
/* End XCBuildConfiguration section */

/* Begin XCConfigurationList section */
		756CE3FD2567625E00BCCB2A /* Build configuration list for PBXProject "TakePicLocalized" */ = {
			isa = XCConfigurationList;
			buildConfigurations = (
				756CE4142567626000BCCB2A /* Debug */,
				756CE4152567626000BCCB2A /* Release */,
			);
			defaultConfigurationIsVisible = 0;
			defaultConfigurationName = Release;
		};
		756CE4162567626000BCCB2A /* Build configuration list for PBXNativeTarget "TakePicLocalized" */ = {
			isa = XCConfigurationList;
			buildConfigurations = (
				756CE4172567626000BCCB2A /* Debug */,
				756CE4182567626000BCCB2A /* Release */,
			);
			defaultConfigurationIsVisible = 0;
			defaultConfigurationName = Release;
		};
/* End XCConfigurationList section */
	};
	rootObject = 756CE3FA2567625E00BCCB2A /* Project object */;
}
